
Microsoft Visual Studio Solution File, Format Version 12.00
# Visual Studio Version 17
VisualStudioVersion = 17.2.32630.192
MinimumVisualStudioVersion = 10.0.40219.1
Project("{FAE04EC0-301F-11D3-BF4B-00C04F79EFBC}") = "Async-Basics", "Async-Basics\Async-Basics.csproj", "{3F5A35D7-95A4-4642-A338-FCCBB60457BD}"
EndProject
Global
	GlobalSection(SolutionConfigurationPlatforms) = preSolution
		Debug|Any CPU = Debug|Any CPU
		Release|Any CPU = Release|Any CPU
	EndGlobalSection
	GlobalSection(ProjectConfigurationPlatforms) = postSolution
		{3F5A35D7-95A4-4642-A338-FCCBB60457BD}.Debug|Any CPU.ActiveCfg = Debug|Any CPU
		{3F5A35D7-95A4-4642-A338-FCCBB60457BD}.Debug|Any CPU.Build.0 = Debug|Any CPU
		{3F5A35D7-95A4-4642-A338-FCCBB60457BD}.Release|Any CPU.ActiveCfg = Release|Any CPU
		{3F5A35D7-95A4-4642-A338-FCCBB60457BD}.Release|Any CPU.Build.0 = Release|Any CPU
	EndGlobalSection
	GlobalSection(SolutionProperties) = preSolution
		HideSolutionNode = FALSE
	EndGlobalSection
	GlobalSection(ExtensibilityGlobals) = postSolution
		SolutionGuid = {167FC8DD-8682-43F7-9AB1-BB69CFE09743}
	EndGlobalSection
EndGlobal
